// !$*UTF8*$!
{
	archiveVersion = 1;
	classes = {
	};
	objectVersion = 56;
	objects = {

/* Begin PBXBuildFile section */
		5754D2262AC725FE009C82C9 /* SearchDetailViewController.swift in Sources */ = {isa = PBXBuildFile; fileRef = 5754D2252AC725FE009C82C9 /* SearchDetailViewController.swift */; };
		5754D2282AC728D9009C82C9 /* Enums.swift in Sources */ = {isa = PBXBuildFile; fileRef = 5754D2272AC728D9009C82C9 /* Enums.swift */; };
		5754D22A2AC73A31009C82C9 /* SearchDetailViewModel.swift in Sources */ = {isa = PBXBuildFile; fileRef = 5754D2292AC73A31009C82C9 /* SearchDetailViewModel.swift */; };
		577082B42AC2BC230052EA8A /* SnapKit in Frameworks */ = {isa = PBXBuildFile; productRef = 577082B32AC2BC230052EA8A /* SnapKit */; };
		577082B72AC2C1900052EA8A /* Realm in Frameworks */ = {isa = PBXBuildFile; productRef = 577082B62AC2C1900052EA8A /* Realm */; };
		577082B92AC2C1900052EA8A /* RealmSwift in Frameworks */ = {isa = PBXBuildFile; productRef = 577082B82AC2C1900052EA8A /* RealmSwift */; };
		577082BB2AC2C3090052EA8A /* RealmBook.swift in Sources */ = {isa = PBXBuildFile; fileRef = 577082BA2AC2C3090052EA8A /* RealmBook.swift */; };
		577082BD2AC2C6E00052EA8A /* BooksRepository.swift in Sources */ = {isa = PBXBuildFile; fileRef = 577082BC2AC2C6E00052EA8A /* BooksRepository.swift */; };
		577082BF2AC2D2110052EA8A /* MockData.swift in Sources */ = {isa = PBXBuildFile; fileRef = 577082BE2AC2D2110052EA8A /* MockData.swift */; };
		577082C12AC2D9790052EA8A /* ReadingCell.swift in Sources */ = {isa = PBXBuildFile; fileRef = 577082C02AC2D9790052EA8A /* ReadingCell.swift */; };
		577082C72AC2E1510052EA8A /* Kingfisher in Frameworks */ = {isa = PBXBuildFile; productRef = 577082C62AC2E1510052EA8A /* Kingfisher */; };
		577082C92AC2ED2B0052EA8A /* ToReadCell.swift in Sources */ = {isa = PBXBuildFile; fileRef = 577082C82AC2ED2B0052EA8A /* ToReadCell.swift */; };
		577082CC2AC3E8CA0052EA8A /* ReadingSectionHeaderView.swift in Sources */ = {isa = PBXBuildFile; fileRef = 577082CB2AC3E8CA0052EA8A /* ReadingSectionHeaderView.swift */; };
		577082CE2AC3EFCA0052EA8A /* ToReadSectionHeaderView.swift in Sources */ = {isa = PBXBuildFile; fileRef = 577082CD2AC3EFCA0052EA8A /* ToReadSectionHeaderView.swift */; };
		577082D02AC415F90052EA8A /* Observable.swift in Sources */ = {isa = PBXBuildFile; fileRef = 577082CF2AC415F90052EA8A /* Observable.swift */; };
		577082D22AC420F10052EA8A /* Literal.swift in Sources */ = {isa = PBXBuildFile; fileRef = 577082D12AC420F10052EA8A /* Literal.swift */; };
		577082D42AC480CD0052EA8A /* ViewController + Extension.swift in Sources */ = {isa = PBXBuildFile; fileRef = 577082D32AC480CD0052EA8A /* ViewController + Extension.swift */; };
		577082D62AC68A170052EA8A /* SearchViewController.swift in Sources */ = {isa = PBXBuildFile; fileRef = 577082D52AC68A170052EA8A /* SearchViewController.swift */; };
		577082D82AC68A510052EA8A /* SearchViewModel.swift in Sources */ = {isa = PBXBuildFile; fileRef = 577082D72AC68A510052EA8A /* SearchViewModel.swift */; };
		577082DD2AC6ADB40052EA8A /* AladinSearch.swift in Sources */ = {isa = PBXBuildFile; fileRef = 577082DC2AC6ADB40052EA8A /* AladinSearch.swift */; };
		577082DF2AC6AEAE0052EA8A /* AladinRouter.swift in Sources */ = {isa = PBXBuildFile; fileRef = 577082DE2AC6AEAE0052EA8A /* AladinRouter.swift */; };
		577082E12AC6AEF70052EA8A /* NetworkManager.swift in Sources */ = {isa = PBXBuildFile; fileRef = 577082E02AC6AEF70052EA8A /* NetworkManager.swift */; };
		577082E42AC6B0BF0052EA8A /* Alamofire in Frameworks */ = {isa = PBXBuildFile; productRef = 577082E32AC6B0BF0052EA8A /* Alamofire */; };
		577082E62AC6D1820052EA8A /* SearchCollectionViewCell.swift in Sources */ = {isa = PBXBuildFile; fileRef = 577082E52AC6D1820052EA8A /* SearchCollectionViewCell.swift */; };
		57ADDFF22AC1A38D00EA0EFE /* AppDelegate.swift in Sources */ = {isa = PBXBuildFile; fileRef = 57ADDFF12AC1A38D00EA0EFE /* AppDelegate.swift */; };
		57ADDFF42AC1A38D00EA0EFE /* SceneDelegate.swift in Sources */ = {isa = PBXBuildFile; fileRef = 57ADDFF32AC1A38D00EA0EFE /* SceneDelegate.swift */; };
		57ADDFF62AC1A38D00EA0EFE /* HomeViewController.swift in Sources */ = {isa = PBXBuildFile; fileRef = 57ADDFF52AC1A38D00EA0EFE /* HomeViewController.swift */; };
		57ADDFFB2AC1A38F00EA0EFE /* Assets.xcassets in Resources */ = {isa = PBXBuildFile; fileRef = 57ADDFFA2AC1A38F00EA0EFE /* Assets.xcassets */; };
		57ADDFFE2AC1A38F00EA0EFE /* LaunchScreen.storyboard in Resources */ = {isa = PBXBuildFile; fileRef = 57ADDFFC2AC1A38F00EA0EFE /* LaunchScreen.storyboard */; };
		57ADE0092AC1A38F00EA0EFE /* BookKeepTests.swift in Sources */ = {isa = PBXBuildFile; fileRef = 57ADE0082AC1A38F00EA0EFE /* BookKeepTests.swift */; };
		57ADE0132AC1A38F00EA0EFE /* BookKeepUITests.swift in Sources */ = {isa = PBXBuildFile; fileRef = 57ADE0122AC1A38F00EA0EFE /* BookKeepUITests.swift */; };
		57ADE0152AC1A38F00EA0EFE /* BookKeepUITestsLaunchTests.swift in Sources */ = {isa = PBXBuildFile; fileRef = 57ADE0142AC1A38F00EA0EFE /* BookKeepUITestsLaunchTests.swift */; };
		57ADE0252AC1A5D800EA0EFE /* HomeViewModel.swift in Sources */ = {isa = PBXBuildFile; fileRef = 57ADE0242AC1A5D800EA0EFE /* HomeViewModel.swift */; };
		57ADE0282AC1A67D00EA0EFE /* Design.swift in Sources */ = {isa = PBXBuildFile; fileRef = 57ADE0272AC1A67D00EA0EFE /* Design.swift */; };
		57ADE02E2AC1A77D00EA0EFE /* Key.swift in Sources */ = {isa = PBXBuildFile; fileRef = 57ADE02D2AC1A77D00EA0EFE /* Key.swift */; };
/* End PBXBuildFile section */

/* Begin PBXContainerItemProxy section */
		57ADE0052AC1A38F00EA0EFE /* PBXContainerItemProxy */ = {
			isa = PBXContainerItemProxy;
			containerPortal = 57ADDFE62AC1A38D00EA0EFE /* Project object */;
			proxyType = 1;
			remoteGlobalIDString = 57ADDFED2AC1A38D00EA0EFE;
			remoteInfo = BookKeep;
		};
		57ADE00F2AC1A38F00EA0EFE /* PBXContainerItemProxy */ = {
			isa = PBXContainerItemProxy;
			containerPortal = 57ADDFE62AC1A38D00EA0EFE /* Project object */;
			proxyType = 1;
			remoteGlobalIDString = 57ADDFED2AC1A38D00EA0EFE;
			remoteInfo = BookKeep;
		};
/* End PBXContainerItemProxy section */

/* Begin PBXFileReference section */
		5754D2252AC725FE009C82C9 /* SearchDetailViewController.swift */ = {isa = PBXFileReference; lastKnownFileType = sourcecode.swift; path = SearchDetailViewController.swift; sourceTree = "<group>"; };
		5754D2272AC728D9009C82C9 /* Enums.swift */ = {isa = PBXFileReference; lastKnownFileType = sourcecode.swift; path = Enums.swift; sourceTree = "<group>"; };
		5754D2292AC73A31009C82C9 /* SearchDetailViewModel.swift */ = {isa = PBXFileReference; lastKnownFileType = sourcecode.swift; path = SearchDetailViewModel.swift; sourceTree = "<group>"; };
		577082BA2AC2C3090052EA8A /* RealmBook.swift */ = {isa = PBXFileReference; lastKnownFileType = sourcecode.swift; path = RealmBook.swift; sourceTree = "<group>"; };
		577082BC2AC2C6E00052EA8A /* BooksRepository.swift */ = {isa = PBXFileReference; lastKnownFileType = sourcecode.swift; path = BooksRepository.swift; sourceTree = "<group>"; };
		577082BE2AC2D2110052EA8A /* MockData.swift */ = {isa = PBXFileReference; lastKnownFileType = sourcecode.swift; path = MockData.swift; sourceTree = "<group>"; };
		577082C02AC2D9790052EA8A /* ReadingCell.swift */ = {isa = PBXFileReference; lastKnownFileType = sourcecode.swift; path = ReadingCell.swift; sourceTree = "<group>"; };
		577082C82AC2ED2B0052EA8A /* ToReadCell.swift */ = {isa = PBXFileReference; lastKnownFileType = sourcecode.swift; path = ToReadCell.swift; sourceTree = "<group>"; };
		577082CB2AC3E8CA0052EA8A /* ReadingSectionHeaderView.swift */ = {isa = PBXFileReference; lastKnownFileType = sourcecode.swift; path = ReadingSectionHeaderView.swift; sourceTree = "<group>"; };
		577082CD2AC3EFCA0052EA8A /* ToReadSectionHeaderView.swift */ = {isa = PBXFileReference; lastKnownFileType = sourcecode.swift; path = ToReadSectionHeaderView.swift; sourceTree = "<group>"; };
		577082CF2AC415F90052EA8A /* Observable.swift */ = {isa = PBXFileReference; lastKnownFileType = sourcecode.swift; path = Observable.swift; sourceTree = "<group>"; };
		577082D12AC420F10052EA8A /* Literal.swift */ = {isa = PBXFileReference; lastKnownFileType = sourcecode.swift; path = Literal.swift; sourceTree = "<group>"; };
		577082D32AC480CD0052EA8A /* ViewController + Extension.swift */ = {isa = PBXFileReference; lastKnownFileType = sourcecode.swift; path = "ViewController + Extension.swift"; sourceTree = "<group>"; };
		577082D52AC68A170052EA8A /* SearchViewController.swift */ = {isa = PBXFileReference; lastKnownFileType = sourcecode.swift; path = SearchViewController.swift; sourceTree = "<group>"; };
		577082D72AC68A510052EA8A /* SearchViewModel.swift */ = {isa = PBXFileReference; lastKnownFileType = sourcecode.swift; path = SearchViewModel.swift; sourceTree = "<group>"; };
		577082DC2AC6ADB40052EA8A /* AladinSearch.swift */ = {isa = PBXFileReference; lastKnownFileType = sourcecode.swift; path = AladinSearch.swift; sourceTree = "<group>"; };
		577082DE2AC6AEAE0052EA8A /* AladinRouter.swift */ = {isa = PBXFileReference; lastKnownFileType = sourcecode.swift; path = AladinRouter.swift; sourceTree = "<group>"; };
		577082E02AC6AEF70052EA8A /* NetworkManager.swift */ = {isa = PBXFileReference; lastKnownFileType = sourcecode.swift; path = NetworkManager.swift; sourceTree = "<group>"; };
		577082E52AC6D1820052EA8A /* SearchCollectionViewCell.swift */ = {isa = PBXFileReference; lastKnownFileType = sourcecode.swift; path = SearchCollectionViewCell.swift; sourceTree = "<group>"; };
		57ADDFEE2AC1A38D00EA0EFE /* BookKeep.app */ = {isa = PBXFileReference; explicitFileType = wrapper.application; includeInIndex = 0; path = BookKeep.app; sourceTree = BUILT_PRODUCTS_DIR; };
		57ADDFF12AC1A38D00EA0EFE /* AppDelegate.swift */ = {isa = PBXFileReference; lastKnownFileType = sourcecode.swift; path = AppDelegate.swift; sourceTree = "<group>"; };
		57ADDFF32AC1A38D00EA0EFE /* SceneDelegate.swift */ = {isa = PBXFileReference; lastKnownFileType = sourcecode.swift; path = SceneDelegate.swift; sourceTree = "<group>"; };
		57ADDFF52AC1A38D00EA0EFE /* HomeViewController.swift */ = {isa = PBXFileReference; lastKnownFileType = sourcecode.swift; path = HomeViewController.swift; sourceTree = "<group>"; };
		57ADDFFA2AC1A38F00EA0EFE /* Assets.xcassets */ = {isa = PBXFileReference; lastKnownFileType = folder.assetcatalog; path = Assets.xcassets; sourceTree = "<group>"; };
		57ADDFFD2AC1A38F00EA0EFE /* Base */ = {isa = PBXFileReference; lastKnownFileType = file.storyboard; name = Base; path = Base.lproj/LaunchScreen.storyboard; sourceTree = "<group>"; };
		57ADDFFF2AC1A38F00EA0EFE /* Info.plist */ = {isa = PBXFileReference; lastKnownFileType = text.plist.xml; path = Info.plist; sourceTree = "<group>"; };
		57ADE0042AC1A38F00EA0EFE /* BookKeepTests.xctest */ = {isa = PBXFileReference; explicitFileType = wrapper.cfbundle; includeInIndex = 0; path = BookKeepTests.xctest; sourceTree = BUILT_PRODUCTS_DIR; };
		57ADE0082AC1A38F00EA0EFE /* BookKeepTests.swift */ = {isa = PBXFileReference; lastKnownFileType = sourcecode.swift; path = BookKeepTests.swift; sourceTree = "<group>"; };
		57ADE00E2AC1A38F00EA0EFE /* BookKeepUITests.xctest */ = {isa = PBXFileReference; explicitFileType = wrapper.cfbundle; includeInIndex = 0; path = BookKeepUITests.xctest; sourceTree = BUILT_PRODUCTS_DIR; };
		57ADE0122AC1A38F00EA0EFE /* BookKeepUITests.swift */ = {isa = PBXFileReference; lastKnownFileType = sourcecode.swift; path = BookKeepUITests.swift; sourceTree = "<group>"; };
		57ADE0142AC1A38F00EA0EFE /* BookKeepUITestsLaunchTests.swift */ = {isa = PBXFileReference; lastKnownFileType = sourcecode.swift; path = BookKeepUITestsLaunchTests.swift; sourceTree = "<group>"; };
		57ADE0242AC1A5D800EA0EFE /* HomeViewModel.swift */ = {isa = PBXFileReference; lastKnownFileType = sourcecode.swift; path = HomeViewModel.swift; sourceTree = "<group>"; };
		57ADE0272AC1A67D00EA0EFE /* Design.swift */ = {isa = PBXFileReference; lastKnownFileType = sourcecode.swift; path = Design.swift; sourceTree = "<group>"; };
		57ADE02D2AC1A77D00EA0EFE /* Key.swift */ = {isa = PBXFileReference; lastKnownFileType = sourcecode.swift; path = Key.swift; sourceTree = "<group>"; };
/* End PBXFileReference section */

/* Begin PBXFrameworksBuildPhase section */
		57ADDFEB2AC1A38D00EA0EFE /* Frameworks */ = {
			isa = PBXFrameworksBuildPhase;
			buildActionMask = 2147483647;
			files = (
				577082E42AC6B0BF0052EA8A /* Alamofire in Frameworks */,
				577082C72AC2E1510052EA8A /* Kingfisher in Frameworks */,
				577082B92AC2C1900052EA8A /* RealmSwift in Frameworks */,
				577082B72AC2C1900052EA8A /* Realm in Frameworks */,
				577082B42AC2BC230052EA8A /* SnapKit in Frameworks */,
			);
			runOnlyForDeploymentPostprocessing = 0;
		};
		57ADE0012AC1A38F00EA0EFE /* Frameworks */ = {
			isa = PBXFrameworksBuildPhase;
			buildActionMask = 2147483647;
			files = (
			);
			runOnlyForDeploymentPostprocessing = 0;
		};
		57ADE00B2AC1A38F00EA0EFE /* Frameworks */ = {
			isa = PBXFrameworksBuildPhase;
			buildActionMask = 2147483647;
			files = (
			);
			runOnlyForDeploymentPostprocessing = 0;
		};
/* End PBXFrameworksBuildPhase section */

/* Begin PBXGroup section */
		577082CA2AC3E77B0052EA8A /* Cells and Supplementary Views */ = {
			isa = PBXGroup;
			children = (
				577082C02AC2D9790052EA8A /* ReadingCell.swift */,
				577082C82AC2ED2B0052EA8A /* ToReadCell.swift */,
				577082E52AC6D1820052EA8A /* SearchCollectionViewCell.swift */,
				577082CB2AC3E8CA0052EA8A /* ReadingSectionHeaderView.swift */,
				577082CD2AC3EFCA0052EA8A /* ToReadSectionHeaderView.swift */,
			);
			path = "Cells and Supplementary Views";
			sourceTree = "<group>";
		};
		57ADDFE52AC1A38D00EA0EFE = {
			isa = PBXGroup;
			children = (
				57ADDFF02AC1A38D00EA0EFE /* BookKeep */,
				57ADE0072AC1A38F00EA0EFE /* BookKeepTests */,
				57ADE0112AC1A38F00EA0EFE /* BookKeepUITests */,
				57ADDFEF2AC1A38D00EA0EFE /* Products */,
			);
			sourceTree = "<group>";
		};
		57ADDFEF2AC1A38D00EA0EFE /* Products */ = {
			isa = PBXGroup;
			children = (
				57ADDFEE2AC1A38D00EA0EFE /* BookKeep.app */,
				57ADE0042AC1A38F00EA0EFE /* BookKeepTests.xctest */,
				57ADE00E2AC1A38F00EA0EFE /* BookKeepUITests.xctest */,
			);
			name = Products;
			sourceTree = "<group>";
		};
		57ADDFF02AC1A38D00EA0EFE /* BookKeep */ = {
			isa = PBXGroup;
			children = (
				57ADE0232AC1A5C000EA0EFE /* Models */,
				57ADE0212AC1A5B100EA0EFE /* Views */,
				57ADE0222AC1A5B900EA0EFE /* ViewModels */,
				57ADE0262AC1A67000EA0EFE /* Constants */,
				57ADE0292AC1A6FC00EA0EFE /* Realm */,
				57ADE02A2AC1A70100EA0EFE /* API */,
				57ADDFF32AC1A38D00EA0EFE /* SceneDelegate.swift */,
				57ADDFF12AC1A38D00EA0EFE /* AppDelegate.swift */,
				57ADDFFA2AC1A38F00EA0EFE /* Assets.xcassets */,
				57ADDFFC2AC1A38F00EA0EFE /* LaunchScreen.storyboard */,
				57ADDFFF2AC1A38F00EA0EFE /* Info.plist */,
			);
			path = BookKeep;
			sourceTree = "<group>";
		};
		57ADE0072AC1A38F00EA0EFE /* BookKeepTests */ = {
			isa = PBXGroup;
			children = (
				57ADE0082AC1A38F00EA0EFE /* BookKeepTests.swift */,
			);
			path = BookKeepTests;
			sourceTree = "<group>";
		};
		57ADE0112AC1A38F00EA0EFE /* BookKeepUITests */ = {
			isa = PBXGroup;
			children = (
				57ADE0122AC1A38F00EA0EFE /* BookKeepUITests.swift */,
				57ADE0142AC1A38F00EA0EFE /* BookKeepUITestsLaunchTests.swift */,
			);
			path = BookKeepUITests;
			sourceTree = "<group>";
		};
		57ADE0212AC1A5B100EA0EFE /* Views */ = {
			isa = PBXGroup;
			children = (
				57ADDFF52AC1A38D00EA0EFE /* HomeViewController.swift */,
				577082D52AC68A170052EA8A /* SearchViewController.swift */,
				5754D2252AC725FE009C82C9 /* SearchDetailViewController.swift */,
				577082D32AC480CD0052EA8A /* ViewController + Extension.swift */,
				577082CA2AC3E77B0052EA8A /* Cells and Supplementary Views */,
			);
			path = Views;
			sourceTree = "<group>";
		};
		57ADE0222AC1A5B900EA0EFE /* ViewModels */ = {
			isa = PBXGroup;
			children = (
				57ADE0242AC1A5D800EA0EFE /* HomeViewModel.swift */,
				577082D72AC68A510052EA8A /* SearchViewModel.swift */,
				5754D2292AC73A31009C82C9 /* SearchDetailViewModel.swift */,
				577082CF2AC415F90052EA8A /* Observable.swift */,
			);
			path = ViewModels;
			sourceTree = "<group>";
		};
		57ADE0232AC1A5C000EA0EFE /* Models */ = {
			isa = PBXGroup;
			children = (
				577082BA2AC2C3090052EA8A /* RealmBook.swift */,
				577082DC2AC6ADB40052EA8A /* AladinSearch.swift */,
			);
			path = Models;
			sourceTree = "<group>";
		};
		57ADE0262AC1A67000EA0EFE /* Constants */ = {
			isa = PBXGroup;
			children = (
				57ADE0272AC1A67D00EA0EFE /* Design.swift */,
				577082D12AC420F10052EA8A /* Literal.swift */,
				577082BE2AC2D2110052EA8A /* MockData.swift */,
				5754D2272AC728D9009C82C9 /* Enums.swift */,
			);
			path = Constants;
			sourceTree = "<group>";
		};
		57ADE0292AC1A6FC00EA0EFE /* Realm */ = {
			isa = PBXGroup;
			children = (
				577082BC2AC2C6E00052EA8A /* BooksRepository.swift */,
			);
			path = Realm;
			sourceTree = "<group>";
		};
		57ADE02A2AC1A70100EA0EFE /* API */ = {
			isa = PBXGroup;
			children = (
				57ADE02D2AC1A77D00EA0EFE /* Key.swift */,
				577082DE2AC6AEAE0052EA8A /* AladinRouter.swift */,
				577082E02AC6AEF70052EA8A /* NetworkManager.swift */,
			);
			path = API;
			sourceTree = "<group>";
		};
/* End PBXGroup section */

/* Begin PBXNativeTarget section */
		57ADDFED2AC1A38D00EA0EFE /* BookKeep */ = {
			isa = PBXNativeTarget;
			buildConfigurationList = 57ADE0182AC1A38F00EA0EFE /* Build configuration list for PBXNativeTarget "BookKeep" */;
			buildPhases = (
				57ADDFEA2AC1A38D00EA0EFE /* Sources */,
				57ADDFEB2AC1A38D00EA0EFE /* Frameworks */,
				57ADDFEC2AC1A38D00EA0EFE /* Resources */,
			);
			buildRules = (
			);
			dependencies = (
			);
			name = BookKeep;
			packageProductDependencies = (
				577082B32AC2BC230052EA8A /* SnapKit */,
				577082B62AC2C1900052EA8A /* Realm */,
				577082B82AC2C1900052EA8A /* RealmSwift */,
				577082C62AC2E1510052EA8A /* Kingfisher */,
				577082E32AC6B0BF0052EA8A /* Alamofire */,
			);
			productName = BookKeep;
			productReference = 57ADDFEE2AC1A38D00EA0EFE /* BookKeep.app */;
			productType = "com.apple.product-type.application";
		};
		57ADE0032AC1A38F00EA0EFE /* BookKeepTests */ = {
			isa = PBXNativeTarget;
			buildConfigurationList = 57ADE01B2AC1A38F00EA0EFE /* Build configuration list for PBXNativeTarget "BookKeepTests" */;
			buildPhases = (
				57ADE0002AC1A38F00EA0EFE /* Sources */,
				57ADE0012AC1A38F00EA0EFE /* Frameworks */,
				57ADE0022AC1A38F00EA0EFE /* Resources */,
			);
			buildRules = (
			);
			dependencies = (
				57ADE0062AC1A38F00EA0EFE /* PBXTargetDependency */,
			);
			name = BookKeepTests;
			productName = BookKeepTests;
			productReference = 57ADE0042AC1A38F00EA0EFE /* BookKeepTests.xctest */;
			productType = "com.apple.product-type.bundle.unit-test";
		};
		57ADE00D2AC1A38F00EA0EFE /* BookKeepUITests */ = {
			isa = PBXNativeTarget;
			buildConfigurationList = 57ADE01E2AC1A38F00EA0EFE /* Build configuration list for PBXNativeTarget "BookKeepUITests" */;
			buildPhases = (
				57ADE00A2AC1A38F00EA0EFE /* Sources */,
				57ADE00B2AC1A38F00EA0EFE /* Frameworks */,
				57ADE00C2AC1A38F00EA0EFE /* Resources */,
			);
			buildRules = (
			);
			dependencies = (
				57ADE0102AC1A38F00EA0EFE /* PBXTargetDependency */,
			);
			name = BookKeepUITests;
			productName = BookKeepUITests;
			productReference = 57ADE00E2AC1A38F00EA0EFE /* BookKeepUITests.xctest */;
			productType = "com.apple.product-type.bundle.ui-testing";
		};
/* End PBXNativeTarget section */

/* Begin PBXProject section */
		57ADDFE62AC1A38D00EA0EFE /* Project object */ = {
			isa = PBXProject;
			attributes = {
				BuildIndependentTargetsInParallel = 1;
				LastSwiftUpdateCheck = 1430;
				LastUpgradeCheck = 1430;
				TargetAttributes = {
					57ADDFED2AC1A38D00EA0EFE = {
						CreatedOnToolsVersion = 14.3.1;
					};
					57ADE0032AC1A38F00EA0EFE = {
						CreatedOnToolsVersion = 14.3.1;
						TestTargetID = 57ADDFED2AC1A38D00EA0EFE;
					};
					57ADE00D2AC1A38F00EA0EFE = {
						CreatedOnToolsVersion = 14.3.1;
						TestTargetID = 57ADDFED2AC1A38D00EA0EFE;
					};
				};
			};
			buildConfigurationList = 57ADDFE92AC1A38D00EA0EFE /* Build configuration list for PBXProject "BookKeep" */;
			compatibilityVersion = "Xcode 14.0";
			developmentRegion = en;
			hasScannedForEncodings = 0;
			knownRegions = (
				en,
				Base,
			);
			mainGroup = 57ADDFE52AC1A38D00EA0EFE;
			packageReferences = (
				577082B22AC2BC230052EA8A /* XCRemoteSwiftPackageReference "SnapKit" */,
				577082B52AC2C1900052EA8A /* XCRemoteSwiftPackageReference "realm-swift" */,
				577082C52AC2E1510052EA8A /* XCRemoteSwiftPackageReference "Kingfisher" */,
				577082E22AC6B0BF0052EA8A /* XCRemoteSwiftPackageReference "Alamofire" */,
			);
			productRefGroup = 57ADDFEF2AC1A38D00EA0EFE /* Products */;
			projectDirPath = "";
			projectRoot = "";
			targets = (
				57ADDFED2AC1A38D00EA0EFE /* BookKeep */,
				57ADE0032AC1A38F00EA0EFE /* BookKeepTests */,
				57ADE00D2AC1A38F00EA0EFE /* BookKeepUITests */,
			);
		};
/* End PBXProject section */

/* Begin PBXResourcesBuildPhase section */
		57ADDFEC2AC1A38D00EA0EFE /* Resources */ = {
			isa = PBXResourcesBuildPhase;
			buildActionMask = 2147483647;
			files = (
				57ADDFFE2AC1A38F00EA0EFE /* LaunchScreen.storyboard in Resources */,
				57ADDFFB2AC1A38F00EA0EFE /* Assets.xcassets in Resources */,
			);
			runOnlyForDeploymentPostprocessing = 0;
		};
		57ADE0022AC1A38F00EA0EFE /* Resources */ = {
			isa = PBXResourcesBuildPhase;
			buildActionMask = 2147483647;
			files = (
			);
			runOnlyForDeploymentPostprocessing = 0;
		};
		57ADE00C2AC1A38F00EA0EFE /* Resources */ = {
			isa = PBXResourcesBuildPhase;
			buildActionMask = 2147483647;
			files = (
			);
			runOnlyForDeploymentPostprocessing = 0;
		};
/* End PBXResourcesBuildPhase section */

/* Begin PBXSourcesBuildPhase section */
		57ADDFEA2AC1A38D00EA0EFE /* Sources */ = {
			isa = PBXSourcesBuildPhase;
			buildActionMask = 2147483647;
			files = (
				577082BB2AC2C3090052EA8A /* RealmBook.swift in Sources */,
				577082DD2AC6ADB40052EA8A /* AladinSearch.swift in Sources */,
				577082E62AC6D1820052EA8A /* SearchCollectionViewCell.swift in Sources */,
				57ADDFF62AC1A38D00EA0EFE /* HomeViewController.swift in Sources */,
				577082E12AC6AEF70052EA8A /* NetworkManager.swift in Sources */,
				577082D42AC480CD0052EA8A /* ViewController + Extension.swift in Sources */,
				577082D62AC68A170052EA8A /* SearchViewController.swift in Sources */,
				577082DF2AC6AEAE0052EA8A /* AladinRouter.swift in Sources */,
				57ADE0282AC1A67D00EA0EFE /* Design.swift in Sources */,
				577082D22AC420F10052EA8A /* Literal.swift in Sources */,
				577082D82AC68A510052EA8A /* SearchViewModel.swift in Sources */,
				577082CE2AC3EFCA0052EA8A /* ToReadSectionHeaderView.swift in Sources */,
				57ADDFF22AC1A38D00EA0EFE /* AppDelegate.swift in Sources */,
				577082BF2AC2D2110052EA8A /* MockData.swift in Sources */,
				577082C92AC2ED2B0052EA8A /* ToReadCell.swift in Sources */,
				57ADDFF42AC1A38D00EA0EFE /* SceneDelegate.swift in Sources */,
				577082C12AC2D9790052EA8A /* ReadingCell.swift in Sources */,
				57ADE0252AC1A5D800EA0EFE /* HomeViewModel.swift in Sources */,
				577082D02AC415F90052EA8A /* Observable.swift in Sources */,
				577082CC2AC3E8CA0052EA8A /* ReadingSectionHeaderView.swift in Sources */,
				5754D2262AC725FE009C82C9 /* SearchDetailViewController.swift in Sources */,
				577082BD2AC2C6E00052EA8A /* BooksRepository.swift in Sources */,
				5754D22A2AC73A31009C82C9 /* SearchDetailViewModel.swift in Sources */,
				5754D2282AC728D9009C82C9 /* Enums.swift in Sources */,
				57ADE02E2AC1A77D00EA0EFE /* Key.swift in Sources */,
			);
			runOnlyForDeploymentPostprocessing = 0;
		};
		57ADE0002AC1A38F00EA0EFE /* Sources */ = {
			isa = PBXSourcesBuildPhase;
			buildActionMask = 2147483647;
			files = (
				57ADE0092AC1A38F00EA0EFE /* BookKeepTests.swift in Sources */,
			);
			runOnlyForDeploymentPostprocessing = 0;
		};
		57ADE00A2AC1A38F00EA0EFE /* Sources */ = {
			isa = PBXSourcesBuildPhase;
			buildActionMask = 2147483647;
			files = (
				57ADE0152AC1A38F00EA0EFE /* BookKeepUITestsLaunchTests.swift in Sources */,
				57ADE0132AC1A38F00EA0EFE /* BookKeepUITests.swift in Sources */,
			);
			runOnlyForDeploymentPostprocessing = 0;
		};
/* End PBXSourcesBuildPhase section */

/* Begin PBXTargetDependency section */
		57ADE0062AC1A38F00EA0EFE /* PBXTargetDependency */ = {
			isa = PBXTargetDependency;
			target = 57ADDFED2AC1A38D00EA0EFE /* BookKeep */;
			targetProxy = 57ADE0052AC1A38F00EA0EFE /* PBXContainerItemProxy */;
		};
		57ADE0102AC1A38F00EA0EFE /* PBXTargetDependency */ = {
			isa = PBXTargetDependency;
			target = 57ADDFED2AC1A38D00EA0EFE /* BookKeep */;
			targetProxy = 57ADE00F2AC1A38F00EA0EFE /* PBXContainerItemProxy */;
		};
/* End PBXTargetDependency section */

/* Begin PBXVariantGroup section */
		57ADDFFC2AC1A38F00EA0EFE /* LaunchScreen.storyboard */ = {
			isa = PBXVariantGroup;
			children = (
				57ADDFFD2AC1A38F00EA0EFE /* Base */,
			);
			name = LaunchScreen.storyboard;
			sourceTree = "<group>";
		};
/* End PBXVariantGroup section */

/* Begin XCBuildConfiguration section */
		57ADE0162AC1A38F00EA0EFE /* Debug */ = {
			isa = XCBuildConfiguration;
			buildSettings = {
				ALWAYS_SEARCH_USER_PATHS = NO;
				CLANG_ANALYZER_NONNULL = YES;
				CLANG_ANALYZER_NUMBER_OBJECT_CONVERSION = YES_AGGRESSIVE;
				CLANG_CXX_LANGUAGE_STANDARD = "gnu++20";
				CLANG_ENABLE_MODULES = YES;
				CLANG_ENABLE_OBJC_ARC = YES;
				CLANG_ENABLE_OBJC_WEAK = YES;
				CLANG_WARN_BLOCK_CAPTURE_AUTORELEASING = YES;
				CLANG_WARN_BOOL_CONVERSION = YES;
				CLANG_WARN_COMMA = YES;
				CLANG_WARN_CONSTANT_CONVERSION = YES;
				CLANG_WARN_DEPRECATED_OBJC_IMPLEMENTATIONS = YES;
				CLANG_WARN_DIRECT_OBJC_ISA_USAGE = YES_ERROR;
				CLANG_WARN_DOCUMENTATION_COMMENTS = YES;
				CLANG_WARN_EMPTY_BODY = YES;
				CLANG_WARN_ENUM_CONVERSION = YES;
				CLANG_WARN_INFINITE_RECURSION = YES;
				CLANG_WARN_INT_CONVERSION = YES;
				CLANG_WARN_NON_LITERAL_NULL_CONVERSION = YES;
				CLANG_WARN_OBJC_IMPLICIT_RETAIN_SELF = YES;
				CLANG_WARN_OBJC_LITERAL_CONVERSION = YES;
				CLANG_WARN_OBJC_ROOT_CLASS = YES_ERROR;
				CLANG_WARN_QUOTED_INCLUDE_IN_FRAMEWORK_HEADER = YES;
				CLANG_WARN_RANGE_LOOP_ANALYSIS = YES;
				CLANG_WARN_STRICT_PROTOTYPES = YES;
				CLANG_WARN_SUSPICIOUS_MOVE = YES;
				CLANG_WARN_UNGUARDED_AVAILABILITY = YES_AGGRESSIVE;
				CLANG_WARN_UNREACHABLE_CODE = YES;
				CLANG_WARN__DUPLICATE_METHOD_MATCH = YES;
				COPY_PHASE_STRIP = NO;
				DEBUG_INFORMATION_FORMAT = dwarf;
				ENABLE_STRICT_OBJC_MSGSEND = YES;
				ENABLE_TESTABILITY = YES;
				GCC_C_LANGUAGE_STANDARD = gnu11;
				GCC_DYNAMIC_NO_PIC = NO;
				GCC_NO_COMMON_BLOCKS = YES;
				GCC_OPTIMIZATION_LEVEL = 0;
				GCC_PREPROCESSOR_DEFINITIONS = (
					"DEBUG=1",
					"$(inherited)",
				);
				GCC_WARN_64_TO_32_BIT_CONVERSION = YES;
				GCC_WARN_ABOUT_RETURN_TYPE = YES_ERROR;
				GCC_WARN_UNDECLARED_SELECTOR = YES;
				GCC_WARN_UNINITIALIZED_AUTOS = YES_AGGRESSIVE;
				GCC_WARN_UNUSED_FUNCTION = YES;
				GCC_WARN_UNUSED_VARIABLE = YES;
				IPHONEOS_DEPLOYMENT_TARGET = 16.0;
				MTL_ENABLE_DEBUG_INFO = INCLUDE_SOURCE;
				MTL_FAST_MATH = YES;
				ONLY_ACTIVE_ARCH = YES;
				SDKROOT = iphoneos;
				SWIFT_ACTIVE_COMPILATION_CONDITIONS = DEBUG;
				SWIFT_OPTIMIZATION_LEVEL = "-Onone";
			};
			name = Debug;
		};
		57ADE0172AC1A38F00EA0EFE /* Release */ = {
			isa = XCBuildConfiguration;
			buildSettings = {
				ALWAYS_SEARCH_USER_PATHS = NO;
				CLANG_ANALYZER_NONNULL = YES;
				CLANG_ANALYZER_NUMBER_OBJECT_CONVERSION = YES_AGGRESSIVE;
				CLANG_CXX_LANGUAGE_STANDARD = "gnu++20";
				CLANG_ENABLE_MODULES = YES;
				CLANG_ENABLE_OBJC_ARC = YES;
				CLANG_ENABLE_OBJC_WEAK = YES;
				CLANG_WARN_BLOCK_CAPTURE_AUTORELEASING = YES;
				CLANG_WARN_BOOL_CONVERSION = YES;
				CLANG_WARN_COMMA = YES;
				CLANG_WARN_CONSTANT_CONVERSION = YES;
				CLANG_WARN_DEPRECATED_OBJC_IMPLEMENTATIONS = YES;
				CLANG_WARN_DIRECT_OBJC_ISA_USAGE = YES_ERROR;
				CLANG_WARN_DOCUMENTATION_COMMENTS = YES;
				CLANG_WARN_EMPTY_BODY = YES;
				CLANG_WARN_ENUM_CONVERSION = YES;
				CLANG_WARN_INFINITE_RECURSION = YES;
				CLANG_WARN_INT_CONVERSION = YES;
				CLANG_WARN_NON_LITERAL_NULL_CONVERSION = YES;
				CLANG_WARN_OBJC_IMPLICIT_RETAIN_SELF = YES;
				CLANG_WARN_OBJC_LITERAL_CONVERSION = YES;
				CLANG_WARN_OBJC_ROOT_CLASS = YES_ERROR;
				CLANG_WARN_QUOTED_INCLUDE_IN_FRAMEWORK_HEADER = YES;
				CLANG_WARN_RANGE_LOOP_ANALYSIS = YES;
				CLANG_WARN_STRICT_PROTOTYPES = YES;
				CLANG_WARN_SUSPICIOUS_MOVE = YES;
				CLANG_WARN_UNGUARDED_AVAILABILITY = YES_AGGRESSIVE;
				CLANG_WARN_UNREACHABLE_CODE = YES;
				CLANG_WARN__DUPLICATE_METHOD_MATCH = YES;
				COPY_PHASE_STRIP = NO;
				DEBUG_INFORMATION_FORMAT = "dwarf-with-dsym";
				ENABLE_NS_ASSERTIONS = NO;
				ENABLE_STRICT_OBJC_MSGSEND = YES;
				GCC_C_LANGUAGE_STANDARD = gnu11;
				GCC_NO_COMMON_BLOCKS = YES;
				GCC_WARN_64_TO_32_BIT_CONVERSION = YES;
				GCC_WARN_ABOUT_RETURN_TYPE = YES_ERROR;
				GCC_WARN_UNDECLARED_SELECTOR = YES;
				GCC_WARN_UNINITIALIZED_AUTOS = YES_AGGRESSIVE;
				GCC_WARN_UNUSED_FUNCTION = YES;
				GCC_WARN_UNUSED_VARIABLE = YES;
				IPHONEOS_DEPLOYMENT_TARGET = 16.0;
				MTL_ENABLE_DEBUG_INFO = NO;
				MTL_FAST_MATH = YES;
				SDKROOT = iphoneos;
				SWIFT_COMPILATION_MODE = wholemodule;
				SWIFT_OPTIMIZATION_LEVEL = "-O";
				VALIDATE_PRODUCT = YES;
			};
			name = Release;
		};
		57ADE0192AC1A38F00EA0EFE /* Debug */ = {
			isa = XCBuildConfiguration;
			buildSettings = {
				ASSETCATALOG_COMPILER_APPICON_NAME = AppIcon;
				ASSETCATALOG_COMPILER_GLOBAL_ACCENT_COLOR_NAME = AccentColor;
				CODE_SIGN_STYLE = Automatic;
				CURRENT_PROJECT_VERSION = 1;
				DEVELOPMENT_TEAM = YTV3AHP8X4;
				GENERATE_INFOPLIST_FILE = YES;
				INFOPLIST_FILE = BookKeep/Info.plist;
				INFOPLIST_KEY_CFBundleDisplayName = "북킵";
				INFOPLIST_KEY_LSApplicationCategoryType = "public.app-category.books";
				INFOPLIST_KEY_UIApplicationSupportsIndirectInputEvents = YES;
				INFOPLIST_KEY_UILaunchStoryboardName = LaunchScreen;
				INFOPLIST_KEY_UIStatusBarStyle = "";
				INFOPLIST_KEY_UISupportedInterfaceOrientations = UIInterfaceOrientationPortrait;
				INFOPLIST_KEY_UISupportedInterfaceOrientations_iPad = "UIInterfaceOrientationLandscapeLeft UIInterfaceOrientationLandscapeRight UIInterfaceOrientationPortrait UIInterfaceOrientationPortraitUpsideDown";
				IPHONEOS_DEPLOYMENT_TARGET = 16.0;
				LD_RUNPATH_SEARCH_PATHS = (
					"$(inherited)",
					"@executable_path/Frameworks",
				);
				MARKETING_VERSION = 1.0;
				PRODUCT_BUNDLE_IDENTIFIER = com.alexcho617.BookKeep;
				PRODUCT_NAME = "$(TARGET_NAME)";
				SUPPORTED_PLATFORMS = "iphoneos iphonesimulator";
				SUPPORTS_MACCATALYST = NO;
				SUPPORTS_MAC_DESIGNED_FOR_IPHONE_IPAD = NO;
				SWIFT_EMIT_LOC_STRINGS = YES;
				SWIFT_VERSION = 5.0;
				TARGETED_DEVICE_FAMILY = 1;
			};
			name = Debug;
		};
		57ADE01A2AC1A38F00EA0EFE /* Release */ = {
			isa = XCBuildConfiguration;
			buildSettings = {
				ASSETCATALOG_COMPILER_APPICON_NAME = AppIcon;
				ASSETCATALOG_COMPILER_GLOBAL_ACCENT_COLOR_NAME = AccentColor;
				CODE_SIGN_STYLE = Automatic;
				CURRENT_PROJECT_VERSION = 1;
				DEVELOPMENT_TEAM = YTV3AHP8X4;
				GENERATE_INFOPLIST_FILE = YES;
				INFOPLIST_FILE = BookKeep/Info.plist;
				INFOPLIST_KEY_CFBundleDisplayName = "북킵";
				INFOPLIST_KEY_LSApplicationCategoryType = "public.app-category.books";
				INFOPLIST_KEY_UIApplicationSupportsIndirectInputEvents = YES;
				INFOPLIST_KEY_UILaunchStoryboardName = LaunchScreen;
				INFOPLIST_KEY_UIStatusBarStyle = "";
				INFOPLIST_KEY_UISupportedInterfaceOrientations = UIInterfaceOrientationPortrait;
				INFOPLIST_KEY_UISupportedInterfaceOrientations_iPad = "UIInterfaceOrientationLandscapeLeft UIInterfaceOrientationLandscapeRight UIInterfaceOrientationPortrait UIInterfaceOrientationPortraitUpsideDown";
				IPHONEOS_DEPLOYMENT_TARGET = 16.0;
				LD_RUNPATH_SEARCH_PATHS = (
					"$(inherited)",
					"@executable_path/Frameworks",
				);
				MARKETING_VERSION = 1.0;
				PRODUCT_BUNDLE_IDENTIFIER = com.alexcho617.BookKeep;
				PRODUCT_NAME = "$(TARGET_NAME)";
				SUPPORTED_PLATFORMS = "iphoneos iphonesimulator";
				SUPPORTS_MACCATALYST = NO;
				SUPPORTS_MAC_DESIGNED_FOR_IPHONE_IPAD = NO;
				SWIFT_EMIT_LOC_STRINGS = YES;
				SWIFT_VERSION = 5.0;
				TARGETED_DEVICE_FAMILY = 1;
			};
			name = Release;
		};
		57ADE01C2AC1A38F00EA0EFE /* Debug */ = {
			isa = XCBuildConfiguration;
			buildSettings = {
				ALWAYS_EMBED_SWIFT_STANDARD_LIBRARIES = YES;
				BUNDLE_LOADER = "$(TEST_HOST)";
				CODE_SIGN_STYLE = Automatic;
				CURRENT_PROJECT_VERSION = 1;
				DEVELOPMENT_TEAM = YTV3AHP8X4;
				GENERATE_INFOPLIST_FILE = YES;
				IPHONEOS_DEPLOYMENT_TARGET = 16.4;
				MARKETING_VERSION = 1.0;
				PRODUCT_BUNDLE_IDENTIFIER = com.alexcho617.BookKeepTests;
				PRODUCT_NAME = "$(TARGET_NAME)";
				SWIFT_EMIT_LOC_STRINGS = NO;
				SWIFT_VERSION = 5.0;
				TARGETED_DEVICE_FAMILY = "1,2";
				TEST_HOST = "$(BUILT_PRODUCTS_DIR)/BookKeep.app/$(BUNDLE_EXECUTABLE_FOLDER_PATH)/BookKeep";
			};
			name = Debug;
		};
		57ADE01D2AC1A38F00EA0EFE /* Release */ = {
			isa = XCBuildConfiguration;
			buildSettings = {
				ALWAYS_EMBED_SWIFT_STANDARD_LIBRARIES = YES;
				BUNDLE_LOADER = "$(TEST_HOST)";
				CODE_SIGN_STYLE = Automatic;
				CURRENT_PROJECT_VERSION = 1;
				DEVELOPMENT_TEAM = YTV3AHP8X4;
				GENERATE_INFOPLIST_FILE = YES;
				IPHONEOS_DEPLOYMENT_TARGET = 16.4;
				MARKETING_VERSION = 1.0;
				PRODUCT_BUNDLE_IDENTIFIER = com.alexcho617.BookKeepTests;
				PRODUCT_NAME = "$(TARGET_NAME)";
				SWIFT_EMIT_LOC_STRINGS = NO;
				SWIFT_VERSION = 5.0;
				TARGETED_DEVICE_FAMILY = "1,2";
				TEST_HOST = "$(BUILT_PRODUCTS_DIR)/BookKeep.app/$(BUNDLE_EXECUTABLE_FOLDER_PATH)/BookKeep";
			};
			name = Release;
		};
		57ADE01F2AC1A38F00EA0EFE /* Debug */ = {
			isa = XCBuildConfiguration;
			buildSettings = {
				ALWAYS_EMBED_SWIFT_STANDARD_LIBRARIES = YES;
				CODE_SIGN_STYLE = Automatic;
				CURRENT_PROJECT_VERSION = 1;
				DEVELOPMENT_TEAM = YTV3AHP8X4;
				GENERATE_INFOPLIST_FILE = YES;
				MARKETING_VERSION = 1.0;
				PRODUCT_BUNDLE_IDENTIFIER = com.alexcho617.BookKeepUITests;
				PRODUCT_NAME = "$(TARGET_NAME)";
				SWIFT_EMIT_LOC_STRINGS = NO;
				SWIFT_VERSION = 5.0;
				TARGETED_DEVICE_FAMILY = "1,2";
				TEST_TARGET_NAME = BookKeep;
			};
			name = Debug;
		};
		57ADE0202AC1A38F00EA0EFE /* Release */ = {
			isa = XCBuildConfiguration;
			buildSettings = {
				ALWAYS_EMBED_SWIFT_STANDARD_LIBRARIES = YES;
				CODE_SIGN_STYLE = Automatic;
				CURRENT_PROJECT_VERSION = 1;
				DEVELOPMENT_TEAM = YTV3AHP8X4;
				GENERATE_INFOPLIST_FILE = YES;
				MARKETING_VERSION = 1.0;
				PRODUCT_BUNDLE_IDENTIFIER = com.alexcho617.BookKeepUITests;
				PRODUCT_NAME = "$(TARGET_NAME)";
				SWIFT_EMIT_LOC_STRINGS = NO;
				SWIFT_VERSION = 5.0;
				TARGETED_DEVICE_FAMILY = "1,2";
				TEST_TARGET_NAME = BookKeep;
			};
			name = Release;
		};
/* End XCBuildConfiguration section */

/* Begin XCConfigurationList section */
		57ADDFE92AC1A38D00EA0EFE /* Build configuration list for PBXProject "BookKeep" */ = {
			isa = XCConfigurationList;
			buildConfigurations = (
				57ADE0162AC1A38F00EA0EFE /* Debug */,
				57ADE0172AC1A38F00EA0EFE /* Release */,
			);
			defaultConfigurationIsVisible = 0;
			defaultConfigurationName = Release;
		};
		57ADE0182AC1A38F00EA0EFE /* Build configuration list for PBXNativeTarget "BookKeep" */ = {
			isa = XCConfigurationList;
			buildConfigurations = (
				57ADE0192AC1A38F00EA0EFE /* Debug */,
				57ADE01A2AC1A38F00EA0EFE /* Release */,
			);
			defaultConfigurationIsVisible = 0;
			defaultConfigurationName = Release;
		};
		57ADE01B2AC1A38F00EA0EFE /* Build configuration list for PBXNativeTarget "BookKeepTests" */ = {
			isa = XCConfigurationList;
			buildConfigurations = (
				57ADE01C2AC1A38F00EA0EFE /* Debug */,
				57ADE01D2AC1A38F00EA0EFE /* Release */,
			);
			defaultConfigurationIsVisible = 0;
			defaultConfigurationName = Release;
		};
		57ADE01E2AC1A38F00EA0EFE /* Build configuration list for PBXNativeTarget "BookKeepUITests" */ = {
			isa = XCConfigurationList;
			buildConfigurations = (
				57ADE01F2AC1A38F00EA0EFE /* Debug */,
				57ADE0202AC1A38F00EA0EFE /* Release */,
			);
			defaultConfigurationIsVisible = 0;
			defaultConfigurationName = Release;
		};
/* End XCConfigurationList section */

/* Begin XCRemoteSwiftPackageReference section */
		577082B22AC2BC230052EA8A /* XCRemoteSwiftPackageReference "SnapKit" */ = {
			isa = XCRemoteSwiftPackageReference;
			repositoryURL = "https://github.com/SnapKit/SnapKit.git";
			requirement = {
				kind = upToNextMajorVersion;
				minimumVersion = 5.0.0;
			};
		};
		577082B52AC2C1900052EA8A /* XCRemoteSwiftPackageReference "realm-swift" */ = {
			isa = XCRemoteSwiftPackageReference;
			repositoryURL = "https://github.com/realm/realm-swift.git";
			requirement = {
				kind = upToNextMinorVersion;
				minimumVersion = 10.42.0;
			};
		};
		577082C52AC2E1510052EA8A /* XCRemoteSwiftPackageReference "Kingfisher" */ = {
			isa = XCRemoteSwiftPackageReference;
			repositoryURL = "https://github.com/onevcat/Kingfisher.git";
			requirement = {
				kind = upToNextMinorVersion;
				minimumVersion = 7.9.0;
			};
		};
		577082E22AC6B0BF0052EA8A /* XCRemoteSwiftPackageReference "Alamofire" */ = {
			isa = XCRemoteSwiftPackageReference;
			repositoryURL = "https://github.com/Alamofire/Alamofire.git";
			requirement = {
				kind = upToNextMinorVersion;
				minimumVersion = 5.8.0;
			};
		};
/* End XCRemoteSwiftPackageReference section */

/* Begin XCSwiftPackageProductDependency section */
		577082B32AC2BC230052EA8A /* SnapKit */ = {
			isa = XCSwiftPackageProductDependency;
			package = 577082B22AC2BC230052EA8A /* XCRemoteSwiftPackageReference "SnapKit" */;
			productName = SnapKit;
		};
		577082B62AC2C1900052EA8A /* Realm */ = {
			isa = XCSwiftPackageProductDependency;
			package = 577082B52AC2C1900052EA8A /* XCRemoteSwiftPackageReference "realm-swift" */;
			productName = Realm;
		};
		577082B82AC2C1900052EA8A /* RealmSwift */ = {
			isa = XCSwiftPackageProductDependency;
			package = 577082B52AC2C1900052EA8A /* XCRemoteSwiftPackageReference "realm-swift" */;
			productName = RealmSwift;
		};
		577082C62AC2E1510052EA8A /* Kingfisher */ = {
			isa = XCSwiftPackageProductDependency;
			package = 577082C52AC2E1510052EA8A /* XCRemoteSwiftPackageReference "Kingfisher" */;
			productName = Kingfisher;
		};
		577082E32AC6B0BF0052EA8A /* Alamofire */ = {
			isa = XCSwiftPackageProductDependency;
			package = 577082E22AC6B0BF0052EA8A /* XCRemoteSwiftPackageReference "Alamofire" */;
			productName = Alamofire;
		};
/* End XCSwiftPackageProductDependency section */
	};
	rootObject = 57ADDFE62AC1A38D00EA0EFE /* Project object */;
}
